
Microsoft Visual Studio Solution File, Format Version 12.00
# Visual Studio Version 17
VisualStudioVersion = 17.5.33414.496
MinimumVisualStudioVersion = 10.0.40219.1
Project("{FAE04EC0-301F-11D3-BF4B-00C04F79EFBC}") = "ClassesAtributosMetodos_8", "ClassesAtributosMetodos_8\ClassesAtributosMetodos_8.csproj", "{EA9B83D2-9CAA-4FD5-8CF2-D89D81693E63}"
EndProject
Global
	GlobalSection(SolutionConfigurationPlatforms) = preSolution
		Debug|Any CPU = Debug|Any CPU
		Release|Any CPU = Release|Any CPU
	EndGlobalSection
	GlobalSection(ProjectConfigurationPlatforms) = postSolution
		{EA9B83D2-9CAA-4FD5-8CF2-D89D81693E63}.Debug|Any CPU.ActiveCfg = Debug|Any CPU
		{EA9B83D2-9CAA-4FD5-8CF2-D89D81693E63}.Debug|Any CPU.Build.0 = Debug|Any CPU
		{EA9B83D2-9CAA-4FD5-8CF2-D89D81693E63}.Release|Any CPU.ActiveCfg = Release|Any CPU
		{EA9B83D2-9CAA-4FD5-8CF2-D89D81693E63}.Release|Any CPU.Build.0 = Release|Any CPU
	EndGlobalSection
	GlobalSection(SolutionProperties) = preSolution
		HideSolutionNode = FALSE
	EndGlobalSection
	GlobalSection(ExtensibilityGlobals) = postSolution
		SolutionGuid = {56B0019A-C356-4597-B7E1-3AB818D93229}
	EndGlobalSection
EndGlobal
