
Microsoft Visual Studio Solution File, Format Version 12.00
# Visual Studio Version 17
VisualStudioVersion = 17.5.33414.496
MinimumVisualStudioVersion = 10.0.40219.1
Project("{FAE04EC0-301F-11D3-BF4B-00C04F79EFBC}") = "MembrosEstaticos_2", "MembrosEstaticos_2\MembrosEstaticos_2.csproj", "{1EA9997E-66F9-425D-8824-7CA31C0C8228}"
EndProject
Global
	GlobalSection(SolutionConfigurationPlatforms) = preSolution
		Debug|Any CPU = Debug|Any CPU
		Release|Any CPU = Release|Any CPU
	EndGlobalSection
	GlobalSection(ProjectConfigurationPlatforms) = postSolution
		{1EA9997E-66F9-425D-8824-7CA31C0C8228}.Debug|Any CPU.ActiveCfg = Debug|Any CPU
		{1EA9997E-66F9-425D-8824-7CA31C0C8228}.Debug|Any CPU.Build.0 = Debug|Any CPU
		{1EA9997E-66F9-425D-8824-7CA31C0C8228}.Release|Any CPU.ActiveCfg = Release|Any CPU
		{1EA9997E-66F9-425D-8824-7CA31C0C8228}.Release|Any CPU.Build.0 = Release|Any CPU
	EndGlobalSection
	GlobalSection(SolutionProperties) = preSolution
		HideSolutionNode = FALSE
	EndGlobalSection
	GlobalSection(ExtensibilityGlobals) = postSolution
		SolutionGuid = {EBD2F402-12FC-45D0-9E54-677E5E322BC6}
	EndGlobalSection
EndGlobal
