
Microsoft Visual Studio Solution File, Format Version 12.00
# Visual Studio Version 17
VisualStudioVersion = 17.5.33414.496
MinimumVisualStudioVersion = 10.0.40219.1
Project("{FAE04EC0-301F-11D3-BF4B-00C04F79EFBC}") = "ClassesAtributosMetodos_9", "ClassesAtributosMetodos_9\ClassesAtributosMetodos_9.csproj", "{979B83BE-2309-43DE-A6F7-E90CE7BD9959}"
EndProject
Global
	GlobalSection(SolutionConfigurationPlatforms) = preSolution
		Debug|Any CPU = Debug|Any CPU
		Release|Any CPU = Release|Any CPU
	EndGlobalSection
	GlobalSection(ProjectConfigurationPlatforms) = postSolution
		{979B83BE-2309-43DE-A6F7-E90CE7BD9959}.Debug|Any CPU.ActiveCfg = Debug|Any CPU
		{979B83BE-2309-43DE-A6F7-E90CE7BD9959}.Debug|Any CPU.Build.0 = Debug|Any CPU
		{979B83BE-2309-43DE-A6F7-E90CE7BD9959}.Release|Any CPU.ActiveCfg = Release|Any CPU
		{979B83BE-2309-43DE-A6F7-E90CE7BD9959}.Release|Any CPU.Build.0 = Release|Any CPU
	EndGlobalSection
	GlobalSection(SolutionProperties) = preSolution
		HideSolutionNode = FALSE
	EndGlobalSection
	GlobalSection(ExtensibilityGlobals) = postSolution
		SolutionGuid = {D316AFFA-A540-4A09-83B9-5F6A83E39C9F}
	EndGlobalSection
EndGlobal
